{
    "_meta": {
        "hash": {
            "sha256": "a4ed463034035370bc74b8b5fcdb1c7b46c4c08eb24713e7bef43ecab1a0f032"
        },
        "host-environment-markers": {
            "implementation_name": "cpython",
            "implementation_version": "3.6.2",
            "os_name": "posix",
            "platform_machine": "x86_64",
            "platform_python_implementation": "CPython",
            "platform_release": "4.15.0-33-generic",
            "platform_system": "Linux",
            "platform_version": "#36-Ubuntu SMP Wed Aug 15 16:00:05 UTC 2018",
            "python_full_version": "3.6.2",
            "python_version": "3.6",
            "sys_platform": "linux"
        },
        "pipfile-spec": 6,
        "requires": {
            "python_version": "3.6"
        },
        "sources": [
            {
                "name": "pypi",
                "url": "https://pypi.python.org/simple",
                "verify_ssl": true
            }
        ]
    },
    "default": {
        "certifi": {
            "hashes": [
                "sha256:456048c7e371c089d0a77a5212fb37a2c2dce1e24146e3b7e0261736aaeaa22a",
                "sha256:376690d6f16d32f9d1fe8932551d80b23e9d393a8578c5633a2ed39a64861638"
            ],
            "version": "==2018.8.24"
        },
        "chardet": {
            "hashes": [
                "sha256:fc323ffcaeaed0e0a02bf4d117757b98aed530d9ed4531e3e15460124c106691",
                "sha256:84ab92ed1c4d4f16916e05906b6b75a6c0fb5db821cc65e70cbd64a3e2a5eaae"
            ],
            "version": "==3.0.4"
        },
        "idna": {
            "hashes": [
                "sha256:156a6814fb5ac1fc6850fb002e0852d56c0c8d2531923a51032d1b70760e186e",
                "sha256:684a38a6f903c1d71d6d5fac066b58d7768af4de2b832e426ec79c30daa94a16"
            ],
            "version": "==2.7"
        },
        "pyasn1": {
            "hashes": [
                "sha256:dea873d6c907c1cf1341fd88742a61efce33227d7743cb37564ab7d7e77dd9fd",
                "sha256:13794d835643ee970b2c059dbfe4eb5d751e16c693c8baee61c526abd209e5c7",
                "sha256:edad117649643230493aeb4955456ce19ab4b12e94489dde6f7094cdb5a3c87e",
                "sha256:e8b69ea2200d42201cbedd486eedb8980f320d4534f83ce2fb468e96aa5545d0",
                "sha256:b9d3abc5031e61927c82d4d96c1cec1e55676c1a991623cfed28faea73cdd7ca",
                "sha256:d3bbd726c1a760d4ca596a4d450c380b81737612fe0182f5bb3caebc17461fd9",
                "sha256:74ac8521a0480f228549be20bea555ae35678f0e754c2fbc6f1576b0959bec43",
                "sha256:ded5eea5cb88bc1ce9aa074b5a3092f95ce4741887e317e9b49c7ece75d7ea0e",
                "sha256:0ad0fe0593dde1e599cac0bf65bb1a4ec663032f0bc68ee44850db4251e8c501",
                "sha256:49a8ed515f26913049113820b462f698e6ed26df62c389dafb6fa3685ddca8de",
                "sha256:89399ca8ecd4524f974e926d4ef9e7a787903e01f0a9cdff3131ad1361792fe5",
                "sha256:8f291e0338d519a1a0d07f0b9d03c9265f6be26eb32fdd21af6d3259d14ea49c",
                "sha256:f58f2a3d12fd754aa123e9fa74fb7345333000a035f3921dbdaa08597aa53137"
            ],
            "version": "==0.4.4"
        },
        "pycountry": {
            "hashes": [
                "sha256:195d8174fd6f98f45622d2885826091fc8b2168184422dac574311073ab8386c",
                "sha256:ea38f839e719be54dfae1b089cbf1917add6ff8f43a55533d8c7c5799656a848",
                "sha256:7f2aa2529c60f6575af3cd644688b201b97016822ce0ce1c4bcc0f7d08900997"
            ],
            "version": "==18.5.26"
        },
        "pycryptodome": {
            "hashes": [
                "sha256:7bd1c4671b3a2c8d647731e9c34115efa928ff12d0ef1bef68f0f7af984bc239",
                "sha256:6b8a3753e31b058d48bdd26c50c049a04f35f0f05c0d866c63fc90fc9b8dc5d7",
                "sha256:864249afa1d801c7a2abb3fbed0e9e8ce4844a8f68daff8028a40634f69f0135",
                "sha256:dfa339c6ef6a1f36642db0dd0d442207aa2a071caa122d744222f2a2832c530f",
                "sha256:c899042914a780abfc01250d22f5674f60195b8149f161a6481b6f6b7aa81dee",
                "sha256:80c55dd2246a17b4af18bd615711b90c8df4b780451692f627a38a636d0792ae",
                "sha256:2652a86850d7873249c64365a61e1052934f1504f11b57dbe76c1a4dc9b5d593",
                "sha256:1e970715407a862b6b4c61f1a8c60734c0fa39f45d36dda46dbd0baf2d8caec2",
                "sha256:d0468c5c9944859c862d81621985d407097c08c0e18bb537883b9268c6e34bd1",
                "sha256:abd859f70a9cad653644b0415adfe6223f708093296747970ec56a8f5537bfb3",
                "sha256:e4406a5141d6d5d19ee515ff6c69baf9a7a10006a8490e7447cbc8dcf61f9903",
                "sha256:bc130342d9b6267efaa97ea305b9a46f59c097e95263a6d65abc7890331535e7",
                "sha256:0f027d5da3f3c4c0167f3ccf4a1f56674248120656099df35098dfaf3edff0fb",
                "sha256:c58539996e2acdb6c5554851cd1b333af889a6aadeb9865127e4bbc17d01ff53",
                "sha256:7cb057b700d688bb37082b0086d061462dde18c1fbbe355615db87f3bf97ffa4",
                "sha256:31d2f9fa32fd651694dbae298682c1afa2337fa6454b32b241164c2ffe96e1c1",
                "sha256:e23b2e13580a4e2d35f7acba674b2b1d1fca9b20a5c0d8ffb98b8fe58c2e7107",
                "sha256:c26f706a8b8e1e44076126bfe0319b7eb9038350d5b6ff55c86b2edb434b3e52",
                "sha256:f459395378709b7aa32bb6e59d55d72d48631840ed6c1c919f63036bd548f375",
                "sha256:26953969934e09d49b2e370229ef262dd480b46130660086b22fea29df335dea",
                "sha256:b4c5d98eb9608bf29b66504dba96494a9fac75b3c0c57dfb557f6e812989a3fe",
                "sha256:ef50df5404b50109a13e46f4421ffe64a650104e2216e282a49662712b024dae",
                "sha256:53cd63d379224ea52d8ba2012fe8acf9eb682aa819c3a9a02397fe3e6b4315a4",
                "sha256:7d7e07e885cee42b222ab190ea292f144aaf6e915ea3d1bf9e2f812fc2ad9f18",
                "sha256:637bfc8bfb68d477619c54b56d912117abca05306a222ccf03dfc09ab6b4e5a4",
                "sha256:fbd0def77da8edd5293e5e3b534763861e1c3f4f645ef3602f718fd709536a77",
                "sha256:fa99a0bcadef482300f5308bb9c0041d4f084b085dff0c908350de382df9f87d",
                "sha256:927ce443c5183ee7738ce113ecf656842fafbad1d6f4ab726dc12abc8adabfad",
                "sha256:9dd8fb9d76fde52c01dcc6d24dc384ddb60ff6fb96216a58017dacc5580600e3",
                "sha256:b3cb4af317d9b84f6df50f0cfa6840ba69556af637a83fd971537823e13d601a"
            ],
            "version": "==3.6.6"
        },
        "requests": {
            "hashes": [
                "sha256:63b52e3c866428a224f97cab011de738c36aec0185aa91cfacd418b5d58911d1",
                "sha256:ec22d826a36ed72a7358ff3fe56cbd4ba69dd7a6718ffd450ff0e9df7a47ce6a"
            ],
            "version": "==2.19.1"
        },
        "rsa": {
            "hashes": [
                "sha256:43f682fea81c452c98d09fc316aae12de6d30c4b5c84226642cf8f8fd1c93abd",
                "sha256:25df4e10c263fb88b5ace923dd84bf9aa7f5019687b5e55382ffcdb8bede9db5"
            ],
            "version": "==3.4.2"
        },
        "urllib3": {
            "hashes": [
                "sha256:b5725a0bd4ba422ab0e66e89e030c806576753ea3ee08554382c14e685d117b5",
                "sha256:a68ac5e15e76e7e5dd2b8f94007233e01effe3e50e8daddf69acfd81cb686baf"
            ],
            "version": "==1.23"
        }
    },
    "develop": {
        "alabaster": {
            "hashes": [
                "sha256:674bb3bab080f598371f4443c5008cbfeb1a5e622dd312395d2d82af2c54c456",
                "sha256:b63b1f4dc77c074d386752ec4a8a7517600f6c0db8cd42980cae17ab7b3275d7"
            ],
            "version": "==0.7.11"
        },
        "argh": {
            "hashes": [
                "sha256:a9b3aaa1904eeb78e32394cd46c6f37ac0fb4af6dc488daa58971bdc7d7fcaf3",
                "sha256:e9535b8c84dc9571a48999094fda7f33e63c3f1b74f3e5f3ac0105a58405bb65"
            ],
            "version": "==0.26.2"
        },
        "babel": {
            "hashes": [
                "sha256:6778d85147d5d85345c14a26aada5e478ab04e39b078b0745ee6870c2b5cf669",
                "sha256:8cba50f48c529ca3fa18cf81fa9403be176d374ac4d60738b839122dfaaa3d23"
            ],
            "version": "==2.6.0"
        },
        "bumpversion": {
            "hashes": [
                "sha256:6753d9ff3552013e2130f7bc03c1007e24473b4835952679653fb132367bdd57",
                "sha256:6744c873dd7aafc24453d8b6a1a0d6d109faf63cd0cd19cb78fd46e74932c77e"
            ],
            "version": "==0.5.3"
        },
        "certifi": {
            "hashes": [
                "sha256:456048c7e371c089d0a77a5212fb37a2c2dce1e24146e3b7e0261736aaeaa22a",
                "sha256:376690d6f16d32f9d1fe8932551d80b23e9d393a8578c5633a2ed39a64861638"
            ],
            "version": "==2018.8.24"
        },
        "chardet": {
            "hashes": [
                "sha256:fc323ffcaeaed0e0a02bf4d117757b98aed530d9ed4531e3e15460124c106691",
                "sha256:84ab92ed1c4d4f16916e05906b6b75a6c0fb5db821cc65e70cbd64a3e2a5eaae"
            ],
            "version": "==3.0.4"
        },
        "coverage": {
            "hashes": [
                "sha256:7608a3dd5d73cb06c531b8925e0ef8d3de31fed2544a7de6c63960a1e73ea4bc",
                "sha256:3a2184c6d797a125dca8367878d3b9a178b6fdd05fdc2d35d758c3006a1cd694",
                "sha256:f3f501f345f24383c0000395b26b726e46758b71393267aeae0bd36f8b3ade80",
                "sha256:0b136648de27201056c1869a6c0d4e23f464750fd9a9ba9750b8336a244429ed",
                "sha256:337ded681dd2ef9ca04ef5d93cfc87e52e09db2594c296b4a0a3662cb1b41249",
                "sha256:3eb42bf89a6be7deb64116dd1cc4b08171734d721e7a7e57ad64cc4ef29ed2f1",
                "sha256:be6cfcd8053d13f5f5eeb284aa8a814220c3da1b0078fa859011c7fffd86dab9",
                "sha256:69bf008a06b76619d3c3f3b1983f5145c75a305a0fea513aca094cae5c40a8f5",
                "sha256:2eb564bbf7816a9d68dd3369a510be3327f1c618d2357fa6b1216994c2e3d508",
                "sha256:9d6dd10d49e01571bf6e147d3b505141ffc093a06756c60b053a859cb2128b1f",
                "sha256:701cd6093d63e6b8ad7009d8a92425428bc4d6e7ab8d75efbb665c806c1d79ba",
                "sha256:5a13ea7911ff5e1796b6d5e4fbbf6952381a611209b736d48e675c2756f3f74e",
                "sha256:c1bb572fab8208c400adaf06a8133ac0712179a334c09224fb11393e920abcdd",
                "sha256:03481e81d558d30d230bc12999e3edffe392d244349a90f4ef9b88425fac74ba",
                "sha256:28b2191e7283f4f3568962e373b47ef7f0392993bb6660d079c62bd50fe9d162",
                "sha256:de4418dadaa1c01d497e539210cb6baa015965526ff5afc078c57ca69160108d",
                "sha256:8c3cb8c35ec4d9506979b4cf90ee9918bc2e49f84189d9bf5c36c0c1119c6558",
                "sha256:7e1fe19bd6dce69d9fd159d8e4a80a8f52101380d5d3a4d374b6d3eae0e5de9c",
                "sha256:6bc583dc18d5979dc0f6cec26a8603129de0304d5ae1f17e57a12834e7235062",
                "sha256:198626739a79b09fa0a2f06e083ffd12eb55449b5f8bfdbeed1df4910b2ca640",
                "sha256:7aa36d2b844a3e4a4b356708d79fd2c260281a7390d678a10b91ca595ddc9e99",
                "sha256:3d72c20bd105022d29b14a7d628462ebdc61de2f303322c0212a054352f3b287",
                "sha256:4635a184d0bbe537aa185a34193898eee409332a8ccb27eea36f262566585000",
                "sha256:e05cb4d9aad6233d67e0541caa7e511fa4047ed7750ec2510d466e806e0255d6",
                "sha256:76ecd006d1d8f739430ec50cc872889af1f9c1b6b8f48e29941814b09b0fd3cc",
                "sha256:7d3f553904b0c5c016d1dad058a7554c7ac4c91a789fca496e7d8347ad040653",
                "sha256:3c79a6f7b95751cdebcd9037e4d06f8d5a9b60e4ed0cd231342aa8ad7124882a",
                "sha256:23d341cdd4a0371820eb2b0bd6b88f5003a7438bbedb33688cd33b8eae59affd",
                "sha256:10a46017fef60e16694a30627319f38a2b9b52e90182dddb6e37dcdab0f4bf95",
                "sha256:2a5b73210bad5279ddb558d9a2bfedc7f4bf6ad7f3c988641d83c40293deaec1",
                "sha256:56e448f051a201c5ebbaa86a5efd0ca90d327204d8b059ab25ad0f35fbfd79f1",
                "sha256:ac4fef68da01116a5c117eba4dd46f2e06847a497de5ed1d64bb99a5fda1ef91",
                "sha256:1c383d2ef13ade2acc636556fd544dba6e14fa30755f26812f54300e401f98f2",
                "sha256:b8815995e050764c8610dbc82641807d196927c3dbed207f0a079833ffcf588d",
                "sha256:104ab3934abaf5be871a583541e8829d6c19ce7bde2923b2751e0d3ca44db60a",
                "sha256:9e112fcbe0148a6fa4f0a02e8d58e94470fc6cb82a5481618fea901699bf34c4",
                "sha256:15b111b6a0f46ee1a485414a52a7ad1d703bdf984e9ed3c288a4414d3871dcbd",
                "sha256:e4d96c07229f58cb686120f168276e434660e4358cc9cf3b0464210b04913e77",
                "sha256:f8a923a85cb099422ad5a2e345fe877bbc89a8a8b23235824a93488150e45f6e"
            ],
            "version": "==4.5.1"
        },
        "docutils": {
            "hashes": [
                "sha256:7a4bd47eaf6596e1295ecb11361139febe29b084a87bf005bf899f9a42edc3c6",
                "sha256:02aec4bd92ab067f6ff27a38a38a41173bf01bed8f89157768c1573f53e474a6",
                "sha256:51e64ef2ebfb29cae1faa133b3710143496eca21c530f3f71424d77687764274"
            ],
            "version": "==0.14"
        },
        "idna": {
            "hashes": [
                "sha256:156a6814fb5ac1fc6850fb002e0852d56c0c8d2531923a51032d1b70760e186e",
                "sha256:684a38a6f903c1d71d6d5fac066b58d7768af4de2b832e426ec79c30daa94a16"
            ],
            "version": "==2.7"
        },
        "imagesize": {
            "hashes": [
                "sha256:3620cc0cadba3f7475f9940d22431fc4d407269f1be59ec9b8edcca26440cf18",
                "sha256:5b326e4678b6925158ccc66a9fa3122b6106d7c876ee32d7de6ce59385b96315"
            ],
            "version": "==1.0.0"
        },
        "jinja2": {
            "hashes": [
                "sha256:74c935a1b8bb9a3947c50a54766a969d4846290e1e788ea44c1392163723c3bd",
                "sha256:f84be1bb0040caca4cea721fcbbbbd61f9be9464ca236387158b0feea01914a4"
            ],
            "version": "==2.10"
        },
        "livereload": {
            "hashes": [
                "sha256:583179dc8d49b040a9da79bd33de59e160d2a8802b939e304eb359a4419f6498",
                "sha256:dd4469a8f5a6833576e9f5433f1439c306de15dbbfeceabd32479b1123380fa5"
            ],
            "version": "==2.5.2"
        },
        "markupsafe": {
            "hashes": [
                "sha256:a6be69091dac236ea9c6bc7d012beab42010fa914c459791d627dad4910eb665"
            ],
            "version": "==1.0"
        },
        "packaging": {
            "hashes": [
                "sha256:e9215d2d2535d3ae866c3d6efc77d5b24a0192cce0ff20e42896cc0664f889c0",
                "sha256:f019b770dd64e585a99714f1fd5e01c7a8f11b45635aa953fd41c689a657375b"
            ],
            "version": "==17.1"
        },
        "pathtools": {
            "hashes": [
                "sha256:7c35c5421a39bb82e58018febd90e3b6e5db34c5443aaaf742b3f33d4655f1c0"
            ],
            "version": "==0.1.2"
        },
        "pkginfo": {
            "hashes": [
                "sha256:a39076cb3eb34c333a0dd390b568e9e1e881c7bf2cc0aee12120636816f55aee",
                "sha256:5878d542a4b3f237e359926384f1dde4e099c9f5525d236b1840cf704fa8d474"
            ],
            "version": "==1.4.2"
        },
        "pluggy": {
            "hashes": [
                "sha256:6e3836e39f4d36ae72840833db137f7b7d35105079aee6ec4a62d9f80d594dd1",
                "sha256:95eb8364a4708392bae89035f45341871286a333f749c3141c20573d2b3876e1"
            ],
            "version": "==0.7.1"
        },
        "port-for": {
            "hashes": [
                "sha256:b16a84bb29c2954db44c29be38b17c659c9c27e33918dec16b90d375cc596f1c"
            ],
            "version": "==0.3.1"
        },
        "py": {
            "hashes": [
                "sha256:50402e9d1c9005d759426988a492e0edaadb7f4e68bcddfea586bc7432d009c6",
                "sha256:06a30435d058473046be836d3fc4f27167fd84c45b99704f2fb5509ef61f9af1"
            ],
            "version": "==1.6.0"
        },
        "pygments": {
            "hashes": [
                "sha256:78f3f434bcc5d6ee09020f92ba487f95ba50f1e3ef83ae96b9d5ffa1bab25c5d",
                "sha256:dbae1046def0efb574852fab9e90209b23f556367b5a320c0bcb871c77c3e8cc"
            ],
            "version": "==2.2.0"
        },
        "pyparsing": {
            "hashes": [
                "sha256:fee43f17a9c4087e7ed1605bd6df994c6173c1e977d7ade7b651292fab2bd010",
                "sha256:0832bcf47acd283788593e7a0f542407bd9550a55a8a8435214a1960e04bcb04",
                "sha256:9e8143a3e15c13713506886badd96ca4b579a87fbdf49e550dbfc057d6cb218e",
                "sha256:281683241b25fe9b80ec9d66017485f6deff1af5cde372469134b56ca8447a07",
                "sha256:b8b3117ed9bdf45e14dcc89345ce638ec7e0e29b2b579fa1ecf32ce45ebac8a5",
                "sha256:8f1e18d3fd36c6795bb7e02a39fd05c611ffc2596c1e0d995d34d67630426c18",
                "sha256:e4d45427c6e20a59bf4f88c639dcc03ce30d193112047f94012102f235853a58"
            ],
            "version": "==2.2.0"
        },
        "pytz": {
            "hashes": [
                "sha256:a061aa0a9e06881eb8b3b2b43f05b9439d6583c206d0a6c340ff72a7b6669053",
                "sha256:ffb9ef1de172603304d9d2819af6f5ece76f2e85ec10692a524dd876e72bf277"
            ],
            "version": "==2018.5"
        },
        "pyyaml": {
            "hashes": [
                "sha256:d5eef459e30b09f5a098b9cea68bebfeb268697f78d647bd255a085371ac7f3f",
                "sha256:e01d3203230e1786cd91ccfdc8f8454c8069c91bee3962ad93b87a4b2860f537",
                "sha256:558dd60b890ba8fd982e05941927a3911dc409a63dcb8b634feaa0cda69330d3",
                "sha256:d46d7982b62e0729ad0175a9bc7e10a566fc07b224d2c79fafb5e032727eaa04",
                "sha256:a7c28b45d9f99102fa092bb213aa12e0aaf9a6a1f5e395d36166639c1f96c3a1",
                "sha256:bc558586e6045763782014934bfaf39d48b8ae85a2713117d16c39864085c613",
                "sha256:40c71b8e076d0550b2e6380bada1f1cd1017b882f7e16f09a65be98e017f211a",
                "sha256:3d7da3009c0f3e783b2c873687652d83b1bbfd5c88e9813fb7e5b03c0dd3108b",
                "sha256:e170a9e6fcfd19021dd29845af83bb79236068bf5fd4df3327c1be18182b2531",
                "sha256:aa7dd4a6a427aed7df6fb7f08a580d68d9b118d90310374716ae90b710280af1",
                "sha256:3ef3092145e9b70e3ddd2c7ad59bdd0252a94dfe3949721633e41344de00a6bf"
            ],
            "version": "==3.13"
        },
        "requests": {
            "hashes": [
                "sha256:63b52e3c866428a224f97cab011de738c36aec0185aa91cfacd418b5d58911d1",
                "sha256:ec22d826a36ed72a7358ff3fe56cbd4ba69dd7a6718ffd450ff0e9df7a47ce6a"
            ],
            "version": "==2.19.1"
        },
        "requests-toolbelt": {
            "hashes": [
                "sha256:42c9c170abc2cacb78b8ab23ac957945c7716249206f90874651971a4acff237",
                "sha256:f6a531936c6fa4c6cfce1b9c10d5c4f498d16528d2a54a22ca00011205a187b5"
            ],
            "version": "==0.8.0"
        },
        "six": {
            "hashes": [
                "sha256:832dc0e10feb1aa2c68dcc57dbb658f1c7e65b9b61af69048abc87a2db00a0eb",
                "sha256:70e8a77beed4562e7f14fe23a786b54f6296e34344c23bc42f07b15018ff98e9"
            ],
            "version": "==1.11.0"
        },
        "snowballstemmer": {
            "hashes": [
                "sha256:9f3bcd3c401c3e862ec0ebe6d2c069ebc012ce142cce209c098ccb5b09136e89",
                "sha256:919f26a68b2c17a7634da993d91339e288964f93c274f1343e3bbbe2096e1128"
            ],
            "version": "==1.2.1"
        },
        "sphinx": {
            "hashes": [
                "sha256:d719de667218d763e8fd144b7fcfeefd8d434a6201f76bf9f0f0c1fa6f47fcdb",
                "sha256:a07050845cc9a2f4026a6035cc8ed795a5ce7be6528bbc82032385c10807dfe7"
            ],
            "version": "==1.7.8"
        },
        "sphinx-autobuild": {
            "hashes": [
                "sha256:e60aea0789cab02fa32ee63c7acae5ef41c06f1434d9fd0a74250a61f5994692",
                "sha256:66388f81884666e3821edbe05dd53a0cfb68093873d17320d0610de8db28c74e"
            ],
            "version": "==0.7.1"
        },
        "sphinxcontrib-websupport": {
            "hashes": [
                "sha256:68ca7ff70785cbe1e7bccc71a48b5b6d965d79ca50629606c7861a21b206d9dd",
                "sha256:9de47f375baf1ea07cdb3436ff39d7a9c76042c10a769c52353ec46e4e8fc3b9"
            ],
            "version": "==1.1.0"
        },
        "tornado": {
            "hashes": [
                "sha256:d8984742ce86c0855cccecd5c6f54a9f7532c983947cff06f3a0e2115b47f85c",
                "sha256:6a7e8657618268bb007646b9eae7661d0b57f13efc94faa33cd2588eae5912c9",
                "sha256:5327ba1a6c694e0149e7d9126426b3704b1d9d520852a3e4aa9fc8fe989e4046",
                "sha256:a9b14804783a1d77c0bd6c66f7a9b1196cbddfbdf8bceb64683c5ae60bd1ec6f",
                "sha256:c58757e37c4a3172949c99099d4d5106e4d7b63aa0617f9bb24bfbff712c7866",
                "sha256:1c0816fc32b7d31b98781bd8ebc7a9726d7dce67407dc353a2e66e697e138448",
                "sha256:4f66a2172cb947387193ca4c2c3e19131f1c70fa8be470ddbbd9317fd0801582"
            ],
            "version": "==5.1"
        },
        "tox": {
            "hashes": [
                "sha256:37cf240781b662fb790710c6998527e65ca6851eace84d1595ee71f7af4e85f7",
                "sha256:eb61aa5bcce65325538686f09848f04ef679b5cd9b83cc491272099b28739600"
            ],
            "version": "==3.2.1"
        },
        "tqdm": {
            "hashes": [
                "sha256:5ef526702c0d265d5a960a3b27f3971fac13c26cf0fb819294bfa71fc6026c88",
                "sha256:a3364bd83ce4777320b862e3c8a93d7da91e20a95f06ef79bed7dd71c654cafa"
            ],
            "version": "==4.25.0"
        },
        "twine": {
            "hashes": [
                "sha256:08eb132bbaec40c6d25b358f546ec1dc96ebd2638a86eea68769d9e67fe2b129",
                "sha256:2fd9a4d9ff0bcacf41fdc40c8cb0cfaef1f1859457c9653fd1b92237cc4e9f25"
            ],
            "version": "==1.11.0"
        },
        "urllib3": {
            "hashes": [
                "sha256:b5725a0bd4ba422ab0e66e89e030c806576753ea3ee08554382c14e685d117b5",
                "sha256:a68ac5e15e76e7e5dd2b8f94007233e01effe3e50e8daddf69acfd81cb686baf"
            ],
            "version": "==1.23"
        },
        "virtualenv": {
            "hashes": [
                "sha256:2ce32cd126117ce2c539f0134eb89de91a8413a29baac49cbab3eb50e2026669",
                "sha256:ca07b4c0b54e14a91af9f34d0919790b016923d157afda5efdde55c96718f752"
            ],
            "version": "==16.0.0"
        },
        "watchdog": {
            "hashes": [
                "sha256:965f658d0732de3188211932aeb0bb457587f04f63ab4c1e33eab878e9de961d"
            ],
            "version": "==0.9.0"
        }
    }
}
